<?xml version="1.0" encoding="utf-8"?>
<Project ToolsVersion="4.0" xmlns="http://schemas.microsoft.com/developer/msbuild/2003">
  <ItemGroup>
    <Filter Include="Source Files">
      <UniqueIdentifier>{4FC737F1-C7A5-4376-A066-2A32D752A2FF}</UniqueIdentifier>
      <Extensions>cpp;c;cc;cxx;def;odl;idl;hpj;bat;asm;asmx</Extensions>
    </Filter>
    <Filter Include="Header Files">
      <UniqueIdentifier>{93995380-89BD-4b04-88EB-625FBE52EBFB}</UniqueIdentifier>
      <Extensions>h;hh;hpp;hxx;hm;inl;inc;xsd</Extensions>
    </Filter>
    <Filter Include="Resource Files">
      <UniqueIdentifier>{67DA6AB6-F800-4c08-8B7A-83BB121AAD01}</UniqueIdentifier>
      <Extensions>rc;ico;cur;bmp;dlg;rc2;rct;bin;rgs;gif;jpg;jpeg;jpe;resx;tiff;tif;png;wav;mfcribbon-ms</Extensions>
    </Filter>
    <Filter Include="Shaders">
      <UniqueIdentifier>{9153e845-9a41-4e8b-8519-8fee4f3dadb5}</UniqueIdentifier>
    </Filter>
    <Filter Include="Shaders\Vertex Shaders">
      <UniqueIdentifier>{cfddd402-87f2-4b38-b010-8a28da8a1808}</UniqueIdentifier>
    </Filter>
    <Filter Include="Shaders\Fragment Shaders">
      <UniqueIdentifier>{0ffb4afe-8524-4f13-943d-53db07677db6}</UniqueIdentifier>
    </Filter>
    <Filter Include="Core">
      <UniqueIdentifier>{b1aa2f05-75db-493f-afd2-5c21ddb84c18}</UniqueIdentifier>
    </Filter>
  </ItemGroup>
  <ItemGroup>
    <ClCompile Include="main.cpp">
      <Filter>Source Files</Filter>
    </ClCompile>
    <ClCompile Include="Core\ShaderLoader.cpp">
      <Filter>Core</Filter>
    </ClCompile>
    <ClCompile Include="Core\GameModel.cpp">
      <Filter>Core</Filter>
    </ClCompile>
  </ItemGroup>
  <ItemGroup>
    <ClInclude Include="..\Dependencies\freeglut\freeglut.h">
      <Filter>Header Files</Filter>
    </ClInclude>
    <ClInclude Include="..\Dependencies\freeglut\freeglut_ext.h">
      <Filter>Header Files</Filter>
    </ClInclude>
    <ClInclude Include="..\Dependencies\freeglut\freeglut_std.h">
      <Filter>Header Files</Filter>
    </ClInclude>
    <ClInclude Include="..\Dependencies\freeglut\glut.h">
      <Filter>Header Files</Filter>
    </ClInclude>
    <ClInclude Include="..\Dependencies\glew\eglew.h">
      <Filter>Header Files</Filter>
    </ClInclude>
    <ClInclude Include="..\Dependencies\glew\glew.h">
      <Filter>Header Files</Filter>
    </ClInclude>
    <ClInclude Include="..\Dependencies\glew\glxew.h">
      <Filter>Header Files</Filter>
    </ClInclude>
    <ClInclude Include="..\Dependencies\glew\wglew.h">
      <Filter>Header Files</Filter>
    </ClInclude>
    <ClInclude Include="Core\GameModel.h">
      <Filter>Core</Filter>
    </ClInclude>
    <ClInclude Include="Core\ShaderLoader.h">
      <Filter>Core</Filter>
    </ClInclude>
    <ClInclude Include="Core\VertexFormat.h">
      <Filter>Core</Filter>
    </ClInclude>
  </ItemGroup>
  <ItemGroup>
    <None Include="Shaders\Vertex Shaders\VertexShader.glsl">
      <Filter>Shaders\Vertex Shaders</Filter>
    </None>
    <None Include="Shaders\Fragment Shaders\FragmentShader.glsl">
      <Filter>Shaders\Fragment Shaders</Filter>
    </None>
    <None Include="packages.config" />
  </ItemGroup>
</Project>